
Microsoft Visual Studio Solution File, Format Version 12.00
# Visual Studio Version 17
VisualStudioVersion = 17.6.33815.320
MinimumVisualStudioVersion = 10.0.40219.1
Project("{FAE04EC0-301F-11D3-BF4B-00C04F79EFBC}") = "MetaLayoutControl_Framework", "MetaLayoutControl_Framework.csproj", "{01CD1830-ED78-49C7-91C0-66C10F07FCDE}"
EndProject
Global
	GlobalSection(SolutionConfigurationPlatforms) = preSolution
		Debug|Any CPU = Debug|Any CPU
		Release|Any CPU = Release|Any CPU
	EndGlobalSection
	GlobalSection(ProjectConfigurationPlatforms) = postSolution
		{01CD1830-ED78-49C7-91C0-66C10F07FCDE}.Debug|Any CPU.ActiveCfg = Debug|Any CPU
		{01CD1830-ED78-49C7-91C0-66C10F07FCDE}.Debug|Any CPU.Build.0 = Debug|Any CPU
		{01CD1830-ED78-49C7-91C0-66C10F07FCDE}.Release|Any CPU.ActiveCfg = Release|Any CPU
		{01CD1830-ED78-49C7-91C0-66C10F07FCDE}.Release|Any CPU.Build.0 = Release|Any CPU
	EndGlobalSection
	GlobalSection(SolutionProperties) = preSolution
		HideSolutionNode = FALSE
	EndGlobalSection
	GlobalSection(ExtensibilityGlobals) = postSolution
		SolutionGuid = {85240675-41BB-4210-848E-AABA850CF66F}
	EndGlobalSection
EndGlobal
